
Microsoft Visual Studio Solution File, Format Version 12.00
# Visual Studio Version 17
VisualStudioVersion = 17.4.33213.308
MinimumVisualStudioVersion = 10.0.40219.1
Project("{2150E333-8FDC-42A3-9474-1A3956D46DE8}") = "Web Services", "Web Services", "{3061BF2C-D8DF-4EA1-8F54-508AFF24E445}"
EndProject
Project("{2150E333-8FDC-42A3-9474-1A3956D46DE8}") = "Realtime", "Realtime", "{3844198C-37BF-4901-821B-4980872FFFFA}"
EndProject
Project("{FAE04EC0-301F-11D3-BF4B-00C04F79EFBC}") = "Paradise.Realtime", "Realtime\Paradise.Realtime\Paradise.Realtime.csproj", "{770F85FC-44A9-4B07-86D6-59829D742199}"
EndProject
Project("{2150E333-8FDC-42A3-9474-1A3956D46DE8}") = "Solution Items", "Solution Items", "{B09E3D7A-4250-40CA-A401-4DFDACB78206}"
	ProjectSection(SolutionItems) = preProject
		Paradise.Patch.xml = Paradise.Patch.xml
		PhotonServer.config = PhotonServer.config
	EndProjectSection
EndProject
Project("{FAE04EC0-301F-11D3-BF4B-00C04F79EFBC}") = "Paradise.WebServices", "Web Services\Paradise.WebServices\Paradise.WebServices.csproj", "{B58E7341-EA4B-4CB4-80E9-5E5CEE839009}"
EndProject
Project("{2150E333-8FDC-42A3-9474-1A3956D46DE8}") = "Core", "Core", "{AF043388-233F-4FAC-810F-D7CD645B63FC}"
EndProject
Project("{FAE04EC0-301F-11D3-BF4B-00C04F79EFBC}") = "Paradise.Core", "Core\Paradise.Core\Paradise.Core.csproj", "{2C90E774-49B8-4D1E-BA6D-FA9F47B647FB}"
EndProject
Project("{FAE04EC0-301F-11D3-BF4B-00C04F79EFBC}") = "Paradise.WebServices.Services", "Web Services\Paradise.WebServices.Services\Paradise.WebServices.Services.csproj", "{9EB6273C-5DB3-4963-8853-99E04739A804}"
EndProject
Project("{2150E333-8FDC-42A3-9474-1A3956D46DE8}") = "Client", "Client", "{62766BB5-6FD1-4A5A-8270-BEB637ABC607}"
EndProject
Project("{FAE04EC0-301F-11D3-BF4B-00C04F79EFBC}") = "Paradise.Client.Bootstrap", "Client\Paradise.Client.Bootstrap\Paradise.Client.Bootstrap.csproj", "{29414D4D-B20E-4CCB-8CCC-A738E79E4982}"
EndProject
Project("{FAE04EC0-301F-11D3-BF4B-00C04F79EFBC}") = "Paradise.Client", "Client\Paradise.Client\Paradise.Client.csproj", "{4481678E-F589-4D0A-8DA1-7DB8A5560A0B}"
EndProject
Project("{FAE04EC0-301F-11D3-BF4B-00C04F79EFBC}") = "Paradise.Client.DiscordRPC", "Client\Paradise.Client.DiscordRPC\Paradise.Client.DiscordRPC.csproj", "{A808A630-81AB-4BC2-AA24-330AFCF622BD}"
EndProject
Project("{FAE04EC0-301F-11D3-BF4B-00C04F79EFBC}") = "Paradise.WebServices.Discord", "Web Services\Paradise.WebServices.Discord\Paradise.WebServices.Discord.csproj", "{57148ABD-FEB3-4ED3-A205-747F94895F33}"
EndProject
Project("{2150E333-8FDC-42A3-9474-1A3956D46DE8}") = "Plugins", "Plugins", "{3C116074-4C1E-4B4C-ABE4-11E7C5ECDCEB}"
EndProject
Project("{FAE04EC0-301F-11D3-BF4B-00C04F79EFBC}") = "Paradise.WebServices.LegacyServices", "Web Services\Paradise.WebServices.LegacyServices\Paradise.WebServices.LegacyServices.csproj", "{D3461DEB-1CA5-4353-89A7-ED51A9215931}"
EndProject
Global
	GlobalSection(SolutionConfigurationPlatforms) = preSolution
		Debug|Any CPU = Debug|Any CPU
		Release|Any CPU = Release|Any CPU
	EndGlobalSection
	GlobalSection(ProjectConfigurationPlatforms) = postSolution
		{770F85FC-44A9-4B07-86D6-59829D742199}.Debug|Any CPU.ActiveCfg = Debug|Any CPU
		{770F85FC-44A9-4B07-86D6-59829D742199}.Debug|Any CPU.Build.0 = Debug|Any CPU
		{770F85FC-44A9-4B07-86D6-59829D742199}.Release|Any CPU.ActiveCfg = Release|Any CPU
		{770F85FC-44A9-4B07-86D6-59829D742199}.Release|Any CPU.Build.0 = Release|Any CPU
		{B58E7341-EA4B-4CB4-80E9-5E5CEE839009}.Debug|Any CPU.ActiveCfg = Debug|Any CPU
		{B58E7341-EA4B-4CB4-80E9-5E5CEE839009}.Debug|Any CPU.Build.0 = Debug|Any CPU
		{B58E7341-EA4B-4CB4-80E9-5E5CEE839009}.Release|Any CPU.ActiveCfg = Release|Any CPU
		{B58E7341-EA4B-4CB4-80E9-5E5CEE839009}.Release|Any CPU.Build.0 = Release|Any CPU
		{2C90E774-49B8-4D1E-BA6D-FA9F47B647FB}.Debug|Any CPU.ActiveCfg = Debug|Any CPU
		{2C90E774-49B8-4D1E-BA6D-FA9F47B647FB}.Debug|Any CPU.Build.0 = Debug|Any CPU
		{2C90E774-49B8-4D1E-BA6D-FA9F47B647FB}.Release|Any CPU.ActiveCfg = Release|Any CPU
		{2C90E774-49B8-4D1E-BA6D-FA9F47B647FB}.Release|Any CPU.Build.0 = Release|Any CPU
		{9EB6273C-5DB3-4963-8853-99E04739A804}.Debug|Any CPU.ActiveCfg = Debug|Any CPU
		{9EB6273C-5DB3-4963-8853-99E04739A804}.Debug|Any CPU.Build.0 = Debug|Any CPU
		{9EB6273C-5DB3-4963-8853-99E04739A804}.Release|Any CPU.ActiveCfg = Release|Any CPU
		{9EB6273C-5DB3-4963-8853-99E04739A804}.Release|Any CPU.Build.0 = Release|Any CPU
		{29414D4D-B20E-4CCB-8CCC-A738E79E4982}.Debug|Any CPU.ActiveCfg = Debug|Any CPU
		{29414D4D-B20E-4CCB-8CCC-A738E79E4982}.Debug|Any CPU.Build.0 = Debug|Any CPU
		{29414D4D-B20E-4CCB-8CCC-A738E79E4982}.Release|Any CPU.ActiveCfg = Release|Any CPU
		{29414D4D-B20E-4CCB-8CCC-A738E79E4982}.Release|Any CPU.Build.0 = Release|Any CPU
		{4481678E-F589-4D0A-8DA1-7DB8A5560A0B}.Debug|Any CPU.ActiveCfg = Debug|Any CPU
		{4481678E-F589-4D0A-8DA1-7DB8A5560A0B}.Debug|Any CPU.Build.0 = Debug|Any CPU
		{4481678E-F589-4D0A-8DA1-7DB8A5560A0B}.Release|Any CPU.ActiveCfg = Release|Any CPU
		{4481678E-F589-4D0A-8DA1-7DB8A5560A0B}.Release|Any CPU.Build.0 = Release|Any CPU
		{A808A630-81AB-4BC2-AA24-330AFCF622BD}.Debug|Any CPU.ActiveCfg = Debug|Any CPU
		{A808A630-81AB-4BC2-AA24-330AFCF622BD}.Debug|Any CPU.Build.0 = Debug|Any CPU
		{A808A630-81AB-4BC2-AA24-330AFCF622BD}.Release|Any CPU.ActiveCfg = Release|Any CPU
		{A808A630-81AB-4BC2-AA24-330AFCF622BD}.Release|Any CPU.Build.0 = Release|Any CPU
		{57148ABD-FEB3-4ED3-A205-747F94895F33}.Debug|Any CPU.ActiveCfg = Debug|Any CPU
		{57148ABD-FEB3-4ED3-A205-747F94895F33}.Debug|Any CPU.Build.0 = Debug|Any CPU
		{57148ABD-FEB3-4ED3-A205-747F94895F33}.Release|Any CPU.ActiveCfg = Release|Any CPU
		{57148ABD-FEB3-4ED3-A205-747F94895F33}.Release|Any CPU.Build.0 = Release|Any CPU
		{D3461DEB-1CA5-4353-89A7-ED51A9215931}.Debug|Any CPU.ActiveCfg = Debug|Any CPU
		{D3461DEB-1CA5-4353-89A7-ED51A9215931}.Debug|Any CPU.Build.0 = Debug|Any CPU
		{D3461DEB-1CA5-4353-89A7-ED51A9215931}.Release|Any CPU.ActiveCfg = Release|Any CPU
		{D3461DEB-1CA5-4353-89A7-ED51A9215931}.Release|Any CPU.Build.0 = Release|Any CPU
	EndGlobalSection
	GlobalSection(SolutionProperties) = preSolution
		HideSolutionNode = FALSE
	EndGlobalSection
	GlobalSection(NestedProjects) = preSolution
		{770F85FC-44A9-4B07-86D6-59829D742199} = {3844198C-37BF-4901-821B-4980872FFFFA}
		{B58E7341-EA4B-4CB4-80E9-5E5CEE839009} = {3061BF2C-D8DF-4EA1-8F54-508AFF24E445}
		{2C90E774-49B8-4D1E-BA6D-FA9F47B647FB} = {AF043388-233F-4FAC-810F-D7CD645B63FC}
		{9EB6273C-5DB3-4963-8853-99E04739A804} = {3C116074-4C1E-4B4C-ABE4-11E7C5ECDCEB}
		{29414D4D-B20E-4CCB-8CCC-A738E79E4982} = {62766BB5-6FD1-4A5A-8270-BEB637ABC607}
		{4481678E-F589-4D0A-8DA1-7DB8A5560A0B} = {62766BB5-6FD1-4A5A-8270-BEB637ABC607}
		{A808A630-81AB-4BC2-AA24-330AFCF622BD} = {62766BB5-6FD1-4A5A-8270-BEB637ABC607}
		{57148ABD-FEB3-4ED3-A205-747F94895F33} = {3C116074-4C1E-4B4C-ABE4-11E7C5ECDCEB}
		{3C116074-4C1E-4B4C-ABE4-11E7C5ECDCEB} = {3061BF2C-D8DF-4EA1-8F54-508AFF24E445}
		{D3461DEB-1CA5-4353-89A7-ED51A9215931} = {3C116074-4C1E-4B4C-ABE4-11E7C5ECDCEB}
	EndGlobalSection
	GlobalSection(ExtensibilityGlobals) = postSolution
		SolutionGuid = {185494F5-767E-4158-A323-ABA91B16370E}
	EndGlobalSection
EndGlobal
