
Microsoft Visual Studio Solution File, Format Version 12.00
# Visual Studio Version 17
VisualStudioVersion = 17.2.32630.192
MinimumVisualStudioVersion = 10.0.40219.1
Project("{2150E333-8FDC-42A3-9474-1A3956D46DE8}") = "Client", "Client", "{66772FD3-922F-4BA5-AB61-62ADE7FD3AFB}"
EndProject
Project("{FAE04EC0-301F-11D3-BF4B-00C04F79EFBC}") = "Paradise.Client", "Client\Paradise.Client\Paradise.Client.csproj", "{4481678E-F589-4D0A-8DA1-7DB8A5560A0B}"
EndProject
Project("{FAE04EC0-301F-11D3-BF4B-00C04F79EFBC}") = "Paradise.Client.Bootstrap", "Client\Paradise.Client.Bootstrap\Paradise.Client.Bootstrap.csproj", "{29414D4D-B20E-4CCB-8CCC-A738E79E4982}"
	ProjectSection(ProjectDependencies) = postProject
		{4481678E-F589-4D0A-8DA1-7DB8A5560A0B} = {4481678E-F589-4D0A-8DA1-7DB8A5560A0B}
		{A808A630-81AB-4BC2-AA24-330AFCF622BD} = {A808A630-81AB-4BC2-AA24-330AFCF622BD}
	EndProjectSection
EndProject
Project("{2150E333-8FDC-42A3-9474-1A3956D46DE8}") = "Web Services", "Web Services", "{6943E532-DB3D-4288-9FCD-FD24BEB95805}"
EndProject
Project("{2150E333-8FDC-42A3-9474-1A3956D46DE8}") = "Core", "Core", "{7B9D7897-3ECA-4B43-90A5-AC314F586EEC}"
EndProject
Project("{FAE04EC0-301F-11D3-BF4B-00C04F79EFBC}") = "Paradise.Core", "Core\Paradise.Core\Paradise.Core.csproj", "{2C90E774-49B8-4D1E-BA6D-FA9F47B647FB}"
EndProject
Project("{2150E333-8FDC-42A3-9474-1A3956D46DE8}") = "Realtime", "Realtime", "{32842218-9080-419B-864C-5FC6C32E7493}"
EndProject
Project("{2150E333-8FDC-42A3-9474-1A3956D46DE8}") = "Solution Items", "Solution Items", "{A73DA44F-B597-4896-99FF-C78D9FE7D2BE}"
	ProjectSection(SolutionItems) = preProject
		PhotonServer.config = PhotonServer.config
	EndProjectSection
EndProject
Project("{FAE04EC0-301F-11D3-BF4B-00C04F79EFBC}") = "Paradise.Realtime", "Realtime\Paradise.Realtime\Paradise.Realtime.csproj", "{770F85FC-44A9-4B07-86D6-59829D742199}"
EndProject
Project("{FAE04EC0-301F-11D3-BF4B-00C04F79EFBC}") = "Paradise.Client.DiscordRPC", "Client\Paradise.Client.DiscordRPC\Paradise.Client.DiscordRPC.csproj", "{A808A630-81AB-4BC2-AA24-330AFCF622BD}"
EndProject
Project("{FAE04EC0-301F-11D3-BF4B-00C04F79EFBC}") = "Paradise.WebServices", "Web Services\Paradise.WebServices\Paradise.WebServices.csproj", "{B58E7341-EA4B-4CB4-80E9-5E5CEE839009}"
EndProject
Project("{FAE04EC0-301F-11D3-BF4B-00C04F79EFBC}") = "Paradise.WebServices.Services", "Web Services\Paradise.WebServices.Services\Paradise.WebServices.Services.csproj", "{9EB6273C-5DB3-4963-8853-99E04739A804}"
EndProject
Project("{FAE04EC0-301F-11D3-BF4B-00C04F79EFBC}") = "Paradise.WebServices.Discord", "Web Services\Paradise.WebServices.Discord\Paradise.WebServices.Discord.csproj", "{57148ABD-FEB3-4ED3-A205-747F94895F33}"
EndProject
Global
	GlobalSection(SolutionConfigurationPlatforms) = preSolution
		Debug|Any CPU = Debug|Any CPU
		Release|Any CPU = Release|Any CPU
	EndGlobalSection
	GlobalSection(ProjectConfigurationPlatforms) = postSolution
		{4481678E-F589-4D0A-8DA1-7DB8A5560A0B}.Debug|Any CPU.ActiveCfg = Debug|Any CPU
		{4481678E-F589-4D0A-8DA1-7DB8A5560A0B}.Debug|Any CPU.Build.0 = Debug|Any CPU
		{4481678E-F589-4D0A-8DA1-7DB8A5560A0B}.Release|Any CPU.ActiveCfg = Release|Any CPU
		{4481678E-F589-4D0A-8DA1-7DB8A5560A0B}.Release|Any CPU.Build.0 = Release|Any CPU
		{29414D4D-B20E-4CCB-8CCC-A738E79E4982}.Debug|Any CPU.ActiveCfg = Debug|Any CPU
		{29414D4D-B20E-4CCB-8CCC-A738E79E4982}.Debug|Any CPU.Build.0 = Debug|Any CPU
		{29414D4D-B20E-4CCB-8CCC-A738E79E4982}.Release|Any CPU.ActiveCfg = Release|Any CPU
		{29414D4D-B20E-4CCB-8CCC-A738E79E4982}.Release|Any CPU.Build.0 = Release|Any CPU
		{2C90E774-49B8-4D1E-BA6D-FA9F47B647FB}.Debug|Any CPU.ActiveCfg = Debug|Any CPU
		{2C90E774-49B8-4D1E-BA6D-FA9F47B647FB}.Debug|Any CPU.Build.0 = Debug|Any CPU
		{2C90E774-49B8-4D1E-BA6D-FA9F47B647FB}.Release|Any CPU.ActiveCfg = Release|Any CPU
		{2C90E774-49B8-4D1E-BA6D-FA9F47B647FB}.Release|Any CPU.Build.0 = Release|Any CPU
		{770F85FC-44A9-4B07-86D6-59829D742199}.Debug|Any CPU.ActiveCfg = Debug|Any CPU
		{770F85FC-44A9-4B07-86D6-59829D742199}.Debug|Any CPU.Build.0 = Debug|Any CPU
		{770F85FC-44A9-4B07-86D6-59829D742199}.Release|Any CPU.ActiveCfg = Release|Any CPU
		{770F85FC-44A9-4B07-86D6-59829D742199}.Release|Any CPU.Build.0 = Release|Any CPU
		{A808A630-81AB-4BC2-AA24-330AFCF622BD}.Debug|Any CPU.ActiveCfg = Debug|Any CPU
		{A808A630-81AB-4BC2-AA24-330AFCF622BD}.Debug|Any CPU.Build.0 = Debug|Any CPU
		{A808A630-81AB-4BC2-AA24-330AFCF622BD}.Release|Any CPU.ActiveCfg = Release|Any CPU
		{A808A630-81AB-4BC2-AA24-330AFCF622BD}.Release|Any CPU.Build.0 = Release|Any CPU
		{B58E7341-EA4B-4CB4-80E9-5E5CEE839009}.Debug|Any CPU.ActiveCfg = Debug|Any CPU
		{B58E7341-EA4B-4CB4-80E9-5E5CEE839009}.Debug|Any CPU.Build.0 = Debug|Any CPU
		{B58E7341-EA4B-4CB4-80E9-5E5CEE839009}.Release|Any CPU.ActiveCfg = Release|Any CPU
		{B58E7341-EA4B-4CB4-80E9-5E5CEE839009}.Release|Any CPU.Build.0 = Release|Any CPU
		{9EB6273C-5DB3-4963-8853-99E04739A804}.Debug|Any CPU.ActiveCfg = Debug|Any CPU
		{9EB6273C-5DB3-4963-8853-99E04739A804}.Debug|Any CPU.Build.0 = Debug|Any CPU
		{9EB6273C-5DB3-4963-8853-99E04739A804}.Release|Any CPU.ActiveCfg = Release|Any CPU
		{9EB6273C-5DB3-4963-8853-99E04739A804}.Release|Any CPU.Build.0 = Release|Any CPU
		{57148ABD-FEB3-4ED3-A205-747F94895F33}.Debug|Any CPU.ActiveCfg = Debug|Any CPU
		{57148ABD-FEB3-4ED3-A205-747F94895F33}.Debug|Any CPU.Build.0 = Debug|Any CPU
		{57148ABD-FEB3-4ED3-A205-747F94895F33}.Release|Any CPU.ActiveCfg = Release|Any CPU
		{57148ABD-FEB3-4ED3-A205-747F94895F33}.Release|Any CPU.Build.0 = Release|Any CPU
	EndGlobalSection
	GlobalSection(SolutionProperties) = preSolution
		HideSolutionNode = FALSE
	EndGlobalSection
	GlobalSection(NestedProjects) = preSolution
		{4481678E-F589-4D0A-8DA1-7DB8A5560A0B} = {66772FD3-922F-4BA5-AB61-62ADE7FD3AFB}
		{29414D4D-B20E-4CCB-8CCC-A738E79E4982} = {66772FD3-922F-4BA5-AB61-62ADE7FD3AFB}
		{2C90E774-49B8-4D1E-BA6D-FA9F47B647FB} = {7B9D7897-3ECA-4B43-90A5-AC314F586EEC}
		{770F85FC-44A9-4B07-86D6-59829D742199} = {32842218-9080-419B-864C-5FC6C32E7493}
		{A808A630-81AB-4BC2-AA24-330AFCF622BD} = {66772FD3-922F-4BA5-AB61-62ADE7FD3AFB}
		{B58E7341-EA4B-4CB4-80E9-5E5CEE839009} = {6943E532-DB3D-4288-9FCD-FD24BEB95805}
		{9EB6273C-5DB3-4963-8853-99E04739A804} = {6943E532-DB3D-4288-9FCD-FD24BEB95805}
		{57148ABD-FEB3-4ED3-A205-747F94895F33} = {6943E532-DB3D-4288-9FCD-FD24BEB95805}
	EndGlobalSection
	GlobalSection(ExtensibilityGlobals) = postSolution
		SolutionGuid = {6BC53E70-F9D9-41A2-A502-BD62E6D3DC46}
	EndGlobalSection
EndGlobal
